// !$*UTF8*$!
{
	archiveVersion = 1;
	classes = {
	};
	objectVersion = 50;
	objects = {

/* Begin PBXBuildFile section */
		DC8CDDD824988B1200EEFD31 /* Forecast5Response.swift in Sources */ = {isa = PBXBuildFile; fileRef = DC8CDDD724988B1200EEFD31 /* Forecast5Response.swift */; };
		DC8CDDDC24988F6300EEFD31 /* CurrentCityForecastViewController.swift in Sources */ = {isa = PBXBuildFile; fileRef = DC8CDDDB24988F6300EEFD31 /* CurrentCityForecastViewController.swift */; };
		DC8CDDE124989A6900EEFD31 /* ForecastService.swift in Sources */ = {isa = PBXBuildFile; fileRef = DC8CDDE024989A6900EEFD31 /* ForecastService.swift */; };
		DC8CDDE42498AE7C00EEFD31 /* ForecastViewModel.swift in Sources */ = {isa = PBXBuildFile; fileRef = DC8CDDE32498AE7C00EEFD31 /* ForecastViewModel.swift */; };
		DC8CDDE62498C41500EEFD31 /* DateUtilities.swift in Sources */ = {isa = PBXBuildFile; fileRef = DC8CDDE52498C41500EEFD31 /* DateUtilities.swift */; };
		DC8CDDEA2498DE7200EEFD31 /* CurrentCityForecastTableViewCell.swift in Sources */ = {isa = PBXBuildFile; fileRef = DC8CDDE82498DE7200EEFD31 /* CurrentCityForecastTableViewCell.swift */; };
		DC8CDDEB2498DE7200EEFD31 /* CurrentCityForecastTableViewCell.xib in Resources */ = {isa = PBXBuildFile; fileRef = DC8CDDE92498DE7200EEFD31 /* CurrentCityForecastTableViewCell.xib */; };
		DC8CDDED2498F08C00EEFD31 /* IRExtensions.swift in Sources */ = {isa = PBXBuildFile; fileRef = DC8CDDEC2498F08C00EEFD31 /* IRExtensions.swift */; };
		DC8CDDF0249906DA00EEFD31 /* CurrentCityForecastHeaderCell.swift in Sources */ = {isa = PBXBuildFile; fileRef = DC8CDDEE249906DA00EEFD31 /* CurrentCityForecastHeaderCell.swift */; };
		DC8CDDF1249906DA00EEFD31 /* CurrentCityForecastHeaderCell.xib in Resources */ = {isa = PBXBuildFile; fileRef = DC8CDDEF249906DA00EEFD31 /* CurrentCityForecastHeaderCell.xib */; };
		DCC86A352497E3A700CBCF93 /* AppDelegate.swift in Sources */ = {isa = PBXBuildFile; fileRef = DCC86A342497E3A700CBCF93 /* AppDelegate.swift */; };
		DCC86A372497E3A700CBCF93 /* SceneDelegate.swift in Sources */ = {isa = PBXBuildFile; fileRef = DCC86A362497E3A700CBCF93 /* SceneDelegate.swift */; };
		DCC86A392497E3A700CBCF93 /* ViewController.swift in Sources */ = {isa = PBXBuildFile; fileRef = DCC86A382497E3A700CBCF93 /* ViewController.swift */; };
		DCC86A3C2497E3A700CBCF93 /* Main.storyboard in Resources */ = {isa = PBXBuildFile; fileRef = DCC86A3A2497E3A700CBCF93 /* Main.storyboard */; };
		DCC86A3E2497E3AA00CBCF93 /* Assets.xcassets in Resources */ = {isa = PBXBuildFile; fileRef = DCC86A3D2497E3AA00CBCF93 /* Assets.xcassets */; };
		DCC86A412497E3AA00CBCF93 /* LaunchScreen.storyboard in Resources */ = {isa = PBXBuildFile; fileRef = DCC86A3F2497E3AA00CBCF93 /* LaunchScreen.storyboard */; };
		DCC86A4C2497E3AA00CBCF93 /* IRWeather_ForecastTests.swift in Sources */ = {isa = PBXBuildFile; fileRef = DCC86A4B2497E3AA00CBCF93 /* IRWeather_ForecastTests.swift */; };
		DCC86A572497E3AB00CBCF93 /* IRWeather_ForecastUITests.swift in Sources */ = {isa = PBXBuildFile; fileRef = DCC86A562497E3AB00CBCF93 /* IRWeather_ForecastUITests.swift */; };
		DCC86A6C2497E71C00CBCF93 /* GradientView.swift in Sources */ = {isa = PBXBuildFile; fileRef = DCC86A6B2497E71C00CBCF93 /* GradientView.swift */; };
		DCC86A6E2497E99300CBCF93 /* IRBorderButton.swift in Sources */ = {isa = PBXBuildFile; fileRef = DCC86A6D2497E99300CBCF93 /* IRBorderButton.swift */; };
		DCC86A742497F6AF00CBCF93 /* UserLocation.swift in Sources */ = {isa = PBXBuildFile; fileRef = DCC86A732497F6AF00CBCF93 /* UserLocation.swift */; };
		DCC86A762497F6D700CBCF93 /* UserLocationProvider.swift in Sources */ = {isa = PBXBuildFile; fileRef = DCC86A752497F6D700CBCF93 /* UserLocationProvider.swift */; };
		DCC86A782497F6F100CBCF93 /* UserLocationService.swift in Sources */ = {isa = PBXBuildFile; fileRef = DCC86A772497F6F100CBCF93 /* UserLocationService.swift */; };
		DCC86A7A2497F80400CBCF93 /* LocationProvider.swift in Sources */ = {isa = PBXBuildFile; fileRef = DCC86A792497F80400CBCF93 /* LocationProvider.swift */; };
		DCC86A7D2497FAC200CBCF93 /* LocationMock.swift in Sources */ = {isa = PBXBuildFile; fileRef = DCC86A7C2497FAC200CBCF93 /* LocationMock.swift */; };
		DCC86A7F2497FB2C00CBCF93 /* UserLocationServiceTest.swift in Sources */ = {isa = PBXBuildFile; fileRef = DCC86A7E2497FB2C00CBCF93 /* UserLocationServiceTest.swift */; };
		DCC86A832497FB7C00CBCF93 /* LocationProviderMock.swift in Sources */ = {isa = PBXBuildFile; fileRef = DCC86A822497FB7C00CBCF93 /* LocationProviderMock.swift */; };
		DCC86A852497FE1000CBCF93 /* Endpoint.swift in Sources */ = {isa = PBXBuildFile; fileRef = DCC86A842497FE1000CBCF93 /* Endpoint.swift */; };
		DCC86A872498007100CBCF93 /* NetworkingProtocols.swift in Sources */ = {isa = PBXBuildFile; fileRef = DCC86A862498007100CBCF93 /* NetworkingProtocols.swift */; };
		DCC86A892498009F00CBCF93 /* NetworkEngine.swift in Sources */ = {isa = PBXBuildFile; fileRef = DCC86A882498009F00CBCF93 /* NetworkEngine.swift */; };
		DCC86A8D2498096800CBCF93 /* WeatherEndpoints.swift in Sources */ = {isa = PBXBuildFile; fileRef = DCC86A8C2498096800CBCF93 /* WeatherEndpoints.swift */; };
		DCC86A8F24980D5B00CBCF93 /* city.list.json in Resources */ = {isa = PBXBuildFile; fileRef = DCC86A8E24980D5B00CBCF93 /* city.list.json */; };
		DCC86A9124980DA000CBCF93 /* CityModel.swift in Sources */ = {isa = PBXBuildFile; fileRef = DCC86A9024980DA000CBCF93 /* CityModel.swift */; };
		DCC86A9324980F4700CBCF93 /* Utilities.swift in Sources */ = {isa = PBXBuildFile; fileRef = DCC86A9224980F4700CBCF93 /* Utilities.swift */; };
/* End PBXBuildFile section */

/* Begin PBXContainerItemProxy section */
		DCC86A482497E3AA00CBCF93 /* PBXContainerItemProxy */ = {
			isa = PBXContainerItemProxy;
			containerPortal = DCC86A292497E3A700CBCF93 /* Project object */;
			proxyType = 1;
			remoteGlobalIDString = DCC86A302497E3A700CBCF93;
			remoteInfo = "IRWeather Forecast";
		};
		DCC86A532497E3AB00CBCF93 /* PBXContainerItemProxy */ = {
			isa = PBXContainerItemProxy;
			containerPortal = DCC86A292497E3A700CBCF93 /* Project object */;
			proxyType = 1;
			remoteGlobalIDString = DCC86A302497E3A700CBCF93;
			remoteInfo = "IRWeather Forecast";
		};
/* End PBXContainerItemProxy section */

/* Begin PBXFileReference section */
		DC8CDDD724988B1200EEFD31 /* Forecast5Response.swift */ = {isa = PBXFileReference; lastKnownFileType = sourcecode.swift; path = Forecast5Response.swift; sourceTree = "<group>"; };
		DC8CDDDB24988F6300EEFD31 /* CurrentCityForecastViewController.swift */ = {isa = PBXFileReference; lastKnownFileType = sourcecode.swift; path = CurrentCityForecastViewController.swift; sourceTree = "<group>"; };
		DC8CDDE024989A6900EEFD31 /* ForecastService.swift */ = {isa = PBXFileReference; lastKnownFileType = sourcecode.swift; path = ForecastService.swift; sourceTree = "<group>"; };
		DC8CDDE32498AE7C00EEFD31 /* ForecastViewModel.swift */ = {isa = PBXFileReference; lastKnownFileType = sourcecode.swift; path = ForecastViewModel.swift; sourceTree = "<group>"; };
		DC8CDDE52498C41500EEFD31 /* DateUtilities.swift */ = {isa = PBXFileReference; lastKnownFileType = sourcecode.swift; path = DateUtilities.swift; sourceTree = "<group>"; };
		DC8CDDE82498DE7200EEFD31 /* CurrentCityForecastTableViewCell.swift */ = {isa = PBXFileReference; lastKnownFileType = sourcecode.swift; path = CurrentCityForecastTableViewCell.swift; sourceTree = "<group>"; };
		DC8CDDE92498DE7200EEFD31 /* CurrentCityForecastTableViewCell.xib */ = {isa = PBXFileReference; lastKnownFileType = file.xib; path = CurrentCityForecastTableViewCell.xib; sourceTree = "<group>"; };
		DC8CDDEC2498F08C00EEFD31 /* IRExtensions.swift */ = {isa = PBXFileReference; lastKnownFileType = sourcecode.swift; path = IRExtensions.swift; sourceTree = "<group>"; };
		DC8CDDEE249906DA00EEFD31 /* CurrentCityForecastHeaderCell.swift */ = {isa = PBXFileReference; lastKnownFileType = sourcecode.swift; path = CurrentCityForecastHeaderCell.swift; sourceTree = "<group>"; };
		DC8CDDEF249906DA00EEFD31 /* CurrentCityForecastHeaderCell.xib */ = {isa = PBXFileReference; lastKnownFileType = file.xib; path = CurrentCityForecastHeaderCell.xib; sourceTree = "<group>"; };
		DCC86A312497E3A700CBCF93 /* IRWeather Forecast.app */ = {isa = PBXFileReference; explicitFileType = wrapper.application; includeInIndex = 0; path = "IRWeather Forecast.app"; sourceTree = BUILT_PRODUCTS_DIR; };
		DCC86A342497E3A700CBCF93 /* AppDelegate.swift */ = {isa = PBXFileReference; lastKnownFileType = sourcecode.swift; path = AppDelegate.swift; sourceTree = "<group>"; };
		DCC86A362497E3A700CBCF93 /* SceneDelegate.swift */ = {isa = PBXFileReference; lastKnownFileType = sourcecode.swift; path = SceneDelegate.swift; sourceTree = "<group>"; };
		DCC86A382497E3A700CBCF93 /* ViewController.swift */ = {isa = PBXFileReference; lastKnownFileType = sourcecode.swift; path = ViewController.swift; sourceTree = "<group>"; };
		DCC86A3B2497E3A700CBCF93 /* Base */ = {isa = PBXFileReference; lastKnownFileType = file.storyboard; name = Base; path = Base.lproj/Main.storyboard; sourceTree = "<group>"; };
		DCC86A3D2497E3AA00CBCF93 /* Assets.xcassets */ = {isa = PBXFileReference; lastKnownFileType = folder.assetcatalog; path = Assets.xcassets; sourceTree = "<group>"; };
		DCC86A402497E3AA00CBCF93 /* Base */ = {isa = PBXFileReference; lastKnownFileType = file.storyboard; name = Base; path = Base.lproj/LaunchScreen.storyboard; sourceTree = "<group>"; };
		DCC86A422497E3AA00CBCF93 /* Info.plist */ = {isa = PBXFileReference; lastKnownFileType = text.plist.xml; path = Info.plist; sourceTree = "<group>"; };
		DCC86A472497E3AA00CBCF93 /* IRWeather ForecastTests.xctest */ = {isa = PBXFileReference; explicitFileType = wrapper.cfbundle; includeInIndex = 0; path = "IRWeather ForecastTests.xctest"; sourceTree = BUILT_PRODUCTS_DIR; };
		DCC86A4B2497E3AA00CBCF93 /* IRWeather_ForecastTests.swift */ = {isa = PBXFileReference; lastKnownFileType = sourcecode.swift; path = IRWeather_ForecastTests.swift; sourceTree = "<group>"; };
		DCC86A4D2497E3AA00CBCF93 /* Info.plist */ = {isa = PBXFileReference; lastKnownFileType = text.plist.xml; path = Info.plist; sourceTree = "<group>"; };
		DCC86A522497E3AB00CBCF93 /* IRWeather ForecastUITests.xctest */ = {isa = PBXFileReference; explicitFileType = wrapper.cfbundle; includeInIndex = 0; path = "IRWeather ForecastUITests.xctest"; sourceTree = BUILT_PRODUCTS_DIR; };
		DCC86A562497E3AB00CBCF93 /* IRWeather_ForecastUITests.swift */ = {isa = PBXFileReference; lastKnownFileType = sourcecode.swift; path = IRWeather_ForecastUITests.swift; sourceTree = "<group>"; };
		DCC86A582497E3AB00CBCF93 /* Info.plist */ = {isa = PBXFileReference; lastKnownFileType = text.plist.xml; path = Info.plist; sourceTree = "<group>"; };
		DCC86A6B2497E71C00CBCF93 /* GradientView.swift */ = {isa = PBXFileReference; lastKnownFileType = sourcecode.swift; path = GradientView.swift; sourceTree = "<group>"; };
		DCC86A6D2497E99300CBCF93 /* IRBorderButton.swift */ = {isa = PBXFileReference; lastKnownFileType = sourcecode.swift; path = IRBorderButton.swift; sourceTree = "<group>"; };
		DCC86A732497F6AF00CBCF93 /* UserLocation.swift */ = {isa = PBXFileReference; lastKnownFileType = sourcecode.swift; path = UserLocation.swift; sourceTree = "<group>"; };
		DCC86A752497F6D700CBCF93 /* UserLocationProvider.swift */ = {isa = PBXFileReference; lastKnownFileType = sourcecode.swift; path = UserLocationProvider.swift; sourceTree = "<group>"; };
		DCC86A772497F6F100CBCF93 /* UserLocationService.swift */ = {isa = PBXFileReference; lastKnownFileType = sourcecode.swift; path = UserLocationService.swift; sourceTree = "<group>"; };
		DCC86A792497F80400CBCF93 /* LocationProvider.swift */ = {isa = PBXFileReference; lastKnownFileType = sourcecode.swift; path = LocationProvider.swift; sourceTree = "<group>"; };
		DCC86A7C2497FAC200CBCF93 /* LocationMock.swift */ = {isa = PBXFileReference; lastKnownFileType = sourcecode.swift; path = LocationMock.swift; sourceTree = "<group>"; };
		DCC86A7E2497FB2C00CBCF93 /* UserLocationServiceTest.swift */ = {isa = PBXFileReference; lastKnownFileType = sourcecode.swift; path = UserLocationServiceTest.swift; sourceTree = "<group>"; };
		DCC86A822497FB7C00CBCF93 /* LocationProviderMock.swift */ = {isa = PBXFileReference; lastKnownFileType = sourcecode.swift; path = LocationProviderMock.swift; sourceTree = "<group>"; };
		DCC86A842497FE1000CBCF93 /* Endpoint.swift */ = {isa = PBXFileReference; lastKnownFileType = sourcecode.swift; path = Endpoint.swift; sourceTree = "<group>"; };
		DCC86A862498007100CBCF93 /* NetworkingProtocols.swift */ = {isa = PBXFileReference; lastKnownFileType = sourcecode.swift; path = NetworkingProtocols.swift; sourceTree = "<group>"; };
		DCC86A882498009F00CBCF93 /* NetworkEngine.swift */ = {isa = PBXFileReference; lastKnownFileType = sourcecode.swift; path = NetworkEngine.swift; sourceTree = "<group>"; };
		DCC86A8C2498096800CBCF93 /* WeatherEndpoints.swift */ = {isa = PBXFileReference; lastKnownFileType = sourcecode.swift; path = WeatherEndpoints.swift; sourceTree = "<group>"; };
		DCC86A8E24980D5B00CBCF93 /* city.list.json */ = {isa = PBXFileReference; fileEncoding = 4; lastKnownFileType = text.json; path = city.list.json; sourceTree = "<group>"; };
		DCC86A9024980DA000CBCF93 /* CityModel.swift */ = {isa = PBXFileReference; lastKnownFileType = sourcecode.swift; path = CityModel.swift; sourceTree = "<group>"; };
		DCC86A9224980F4700CBCF93 /* Utilities.swift */ = {isa = PBXFileReference; lastKnownFileType = sourcecode.swift; path = Utilities.swift; sourceTree = "<group>"; };
/* End PBXFileReference section */

/* Begin PBXFrameworksBuildPhase section */
		DCC86A2E2497E3A700CBCF93 /* Frameworks */ = {
			isa = PBXFrameworksBuildPhase;
			buildActionMask = 2147483647;
			files = (
			);
			runOnlyForDeploymentPostprocessing = 0;
		};
		DCC86A442497E3AA00CBCF93 /* Frameworks */ = {
			isa = PBXFrameworksBuildPhase;
			buildActionMask = 2147483647;
			files = (
			);
			runOnlyForDeploymentPostprocessing = 0;
		};
		DCC86A4F2497E3AB00CBCF93 /* Frameworks */ = {
			isa = PBXFrameworksBuildPhase;
			buildActionMask = 2147483647;
			files = (
			);
			runOnlyForDeploymentPostprocessing = 0;
		};
/* End PBXFrameworksBuildPhase section */

/* Begin PBXGroup section */
		DC8CDDD524988ACC00EEFD31 /* CurrentCityForecast */ = {
			isa = PBXGroup;
			children = (
				DC8CDDE72498DE3600EEFD31 /* Views */,
				DC8CDDE22498AE6000EEFD31 /* ViewModel */,
				DC8CDDDF24989A5700EEFD31 /* Services */,
				DC8CDDDA24988F2900EEFD31 /* Controllers */,
				DC8CDDD624988AE400EEFD31 /* Model */,
			);
			path = CurrentCityForecast;
			sourceTree = "<group>";
		};
		DC8CDDD624988AE400EEFD31 /* Model */ = {
			isa = PBXGroup;
			children = (
				DC8CDDD724988B1200EEFD31 /* Forecast5Response.swift */,
			);
			path = Model;
			sourceTree = "<group>";
		};
		DC8CDDDA24988F2900EEFD31 /* Controllers */ = {
			isa = PBXGroup;
			children = (
				DC8CDDDB24988F6300EEFD31 /* CurrentCityForecastViewController.swift */,
			);
			path = Controllers;
			sourceTree = "<group>";
		};
		DC8CDDDF24989A5700EEFD31 /* Services */ = {
			isa = PBXGroup;
			children = (
				DC8CDDE024989A6900EEFD31 /* ForecastService.swift */,
			);
			path = Services;
			sourceTree = "<group>";
		};
		DC8CDDE22498AE6000EEFD31 /* ViewModel */ = {
			isa = PBXGroup;
			children = (
				DC8CDDE32498AE7C00EEFD31 /* ForecastViewModel.swift */,
			);
			path = ViewModel;
			sourceTree = "<group>";
		};
		DC8CDDE72498DE3600EEFD31 /* Views */ = {
			isa = PBXGroup;
			children = (
				DC8CDDE82498DE7200EEFD31 /* CurrentCityForecastTableViewCell.swift */,
				DC8CDDE92498DE7200EEFD31 /* CurrentCityForecastTableViewCell.xib */,
				DC8CDDEE249906DA00EEFD31 /* CurrentCityForecastHeaderCell.swift */,
				DC8CDDEF249906DA00EEFD31 /* CurrentCityForecastHeaderCell.xib */,
			);
			path = Views;
			sourceTree = "<group>";
		};
		DCC86A282497E3A700CBCF93 = {
			isa = PBXGroup;
			children = (
				DCC86A332497E3A700CBCF93 /* IRWeather Forecast */,
				DCC86A4A2497E3AA00CBCF93 /* IRWeather ForecastTests */,
				DCC86A552497E3AB00CBCF93 /* IRWeather ForecastUITests */,
				DCC86A322497E3A700CBCF93 /* Products */,
			);
			sourceTree = "<group>";
		};
		DCC86A322497E3A700CBCF93 /* Products */ = {
			isa = PBXGroup;
			children = (
				DCC86A312497E3A700CBCF93 /* IRWeather Forecast.app */,
				DCC86A472497E3AA00CBCF93 /* IRWeather ForecastTests.xctest */,
				DCC86A522497E3AB00CBCF93 /* IRWeather ForecastUITests.xctest */,
			);
			name = Products;
			sourceTree = "<group>";
		};
		DCC86A332497E3A700CBCF93 /* IRWeather Forecast */ = {
			isa = PBXGroup;
			children = (
				DCC86A702497F54800CBCF93 /* Location */,
				DCC86A6A2497E70400CBCF93 /* Utilities */,
				DCC86A692497E45F00CBCF93 /* Storyboards */,
				DCC86A682497E44A00CBCF93 /* Startup */,
				DCC86A672497E41A00CBCF93 /* Extensions */,
				DCC86A662497E3F500CBCF93 /* Resources */,
				DCC86A652497E3E400CBCF93 /* Networking */,
				DCC86A642497E3B300CBCF93 /* Modules */,
				DCC86A422497E3AA00CBCF93 /* Info.plist */,
			);
			path = "IRWeather Forecast";
			sourceTree = "<group>";
		};
		DCC86A4A2497E3AA00CBCF93 /* IRWeather ForecastTests */ = {
			isa = PBXGroup;
			children = (
				DCC86A7B2497FA1600CBCF93 /* LocationTests */,
				DCC86A4B2497E3AA00CBCF93 /* IRWeather_ForecastTests.swift */,
				DCC86A4D2497E3AA00CBCF93 /* Info.plist */,
			);
			path = "IRWeather ForecastTests";
			sourceTree = "<group>";
		};
		DCC86A552497E3AB00CBCF93 /* IRWeather ForecastUITests */ = {
			isa = PBXGroup;
			children = (
				DCC86A562497E3AB00CBCF93 /* IRWeather_ForecastUITests.swift */,
				DCC86A582497E3AB00CBCF93 /* Info.plist */,
			);
			path = "IRWeather ForecastUITests";
			sourceTree = "<group>";
		};
		DCC86A642497E3B300CBCF93 /* Modules */ = {
			isa = PBXGroup;
			children = (
				DC8CDDD524988ACC00EEFD31 /* CurrentCityForecast */,
			);
			path = Modules;
			sourceTree = "<group>";
		};
		DCC86A652497E3E400CBCF93 /* Networking */ = {
			isa = PBXGroup;
			children = (
				DCC86A842497FE1000CBCF93 /* Endpoint.swift */,
				DCC86A862498007100CBCF93 /* NetworkingProtocols.swift */,
				DCC86A882498009F00CBCF93 /* NetworkEngine.swift */,
				DCC86A8C2498096800CBCF93 /* WeatherEndpoints.swift */,
			);
			path = Networking;
			sourceTree = "<group>";
		};
		DCC86A662497E3F500CBCF93 /* Resources */ = {
			isa = PBXGroup;
			children = (
				DCC86A8E24980D5B00CBCF93 /* city.list.json */,
				DCC86A3D2497E3AA00CBCF93 /* Assets.xcassets */,
				DCC86A9024980DA000CBCF93 /* CityModel.swift */,
			);
			path = Resources;
			sourceTree = "<group>";
		};
		DCC86A672497E41A00CBCF93 /* Extensions */ = {
			isa = PBXGroup;
			children = (
				DC8CDDEC2498F08C00EEFD31 /* IRExtensions.swift */,
			);
			path = Extensions;
			sourceTree = "<group>";
		};
		DCC86A682497E44A00CBCF93 /* Startup */ = {
			isa = PBXGroup;
			children = (
				DCC86A362497E3A700CBCF93 /* SceneDelegate.swift */,
				DCC86A382497E3A700CBCF93 /* ViewController.swift */,
				DCC86A342497E3A700CBCF93 /* AppDelegate.swift */,
			);
			path = Startup;
			sourceTree = "<group>";
		};
		DCC86A692497E45F00CBCF93 /* Storyboards */ = {
			isa = PBXGroup;
			children = (
				DCC86A3F2497E3AA00CBCF93 /* LaunchScreen.storyboard */,
				DCC86A3A2497E3A700CBCF93 /* Main.storyboard */,
			);
			path = Storyboards;
			sourceTree = "<group>";
		};
		DCC86A6A2497E70400CBCF93 /* Utilities */ = {
			isa = PBXGroup;
			children = (
				DCC86A6B2497E71C00CBCF93 /* GradientView.swift */,
				DCC86A6D2497E99300CBCF93 /* IRBorderButton.swift */,
				DCC86A9224980F4700CBCF93 /* Utilities.swift */,
				DC8CDDE52498C41500EEFD31 /* DateUtilities.swift */,
			);
			path = Utilities;
			sourceTree = "<group>";
		};
		DCC86A702497F54800CBCF93 /* Location */ = {
			isa = PBXGroup;
			children = (
				DCC86A732497F6AF00CBCF93 /* UserLocation.swift */,
				DCC86A752497F6D700CBCF93 /* UserLocationProvider.swift */,
				DCC86A772497F6F100CBCF93 /* UserLocationService.swift */,
				DCC86A792497F80400CBCF93 /* LocationProvider.swift */,
			);
			path = Location;
			sourceTree = "<group>";
		};
		DCC86A7B2497FA1600CBCF93 /* LocationTests */ = {
			isa = PBXGroup;
			children = (
				DCC86A7C2497FAC200CBCF93 /* LocationMock.swift */,
				DCC86A7E2497FB2C00CBCF93 /* UserLocationServiceTest.swift */,
				DCC86A822497FB7C00CBCF93 /* LocationProviderMock.swift */,
			);
			path = LocationTests;
			sourceTree = "<group>";
		};
/* End PBXGroup section */

/* Begin PBXNativeTarget section */
		DCC86A302497E3A700CBCF93 /* IRWeather Forecast */ = {
			isa = PBXNativeTarget;
			buildConfigurationList = DCC86A5B2497E3AB00CBCF93 /* Build configuration list for PBXNativeTarget "IRWeather Forecast" */;
			buildPhases = (
				DCC86A2D2497E3A700CBCF93 /* Sources */,
				DCC86A2E2497E3A700CBCF93 /* Frameworks */,
				DCC86A2F2497E3A700CBCF93 /* Resources */,
			);
			buildRules = (
			);
			dependencies = (
			);
			name = "IRWeather Forecast";
			productName = "IRWeather Forecast";
			productReference = DCC86A312497E3A700CBCF93 /* IRWeather Forecast.app */;
			productType = "com.apple.product-type.application";
		};
		DCC86A462497E3AA00CBCF93 /* IRWeather ForecastTests */ = {
			isa = PBXNativeTarget;
			buildConfigurationList = DCC86A5E2497E3AB00CBCF93 /* Build configuration list for PBXNativeTarget "IRWeather ForecastTests" */;
			buildPhases = (
				DCC86A432497E3AA00CBCF93 /* Sources */,
				DCC86A442497E3AA00CBCF93 /* Frameworks */,
				DCC86A452497E3AA00CBCF93 /* Resources */,
			);
			buildRules = (
			);
			dependencies = (
				DCC86A492497E3AA00CBCF93 /* PBXTargetDependency */,
			);
			name = "IRWeather ForecastTests";
			productName = "IRWeather ForecastTests";
			productReference = DCC86A472497E3AA00CBCF93 /* IRWeather ForecastTests.xctest */;
			productType = "com.apple.product-type.bundle.unit-test";
		};
		DCC86A512497E3AB00CBCF93 /* IRWeather ForecastUITests */ = {
			isa = PBXNativeTarget;
			buildConfigurationList = DCC86A612497E3AB00CBCF93 /* Build configuration list for PBXNativeTarget "IRWeather ForecastUITests" */;
			buildPhases = (
				DCC86A4E2497E3AB00CBCF93 /* Sources */,
				DCC86A4F2497E3AB00CBCF93 /* Frameworks */,
				DCC86A502497E3AB00CBCF93 /* Resources */,
			);
			buildRules = (
			);
			dependencies = (
				DCC86A542497E3AB00CBCF93 /* PBXTargetDependency */,
			);
			name = "IRWeather ForecastUITests";
			productName = "IRWeather ForecastUITests";
			productReference = DCC86A522497E3AB00CBCF93 /* IRWeather ForecastUITests.xctest */;
			productType = "com.apple.product-type.bundle.ui-testing";
		};
/* End PBXNativeTarget section */

/* Begin PBXProject section */
		DCC86A292497E3A700CBCF93 /* Project object */ = {
			isa = PBXProject;
			attributes = {
				LastSwiftUpdateCheck = 1150;
				LastUpgradeCheck = 1150;
				ORGANIZATIONNAME = Rajshekhar;
				TargetAttributes = {
					DCC86A302497E3A700CBCF93 = {
						CreatedOnToolsVersion = 11.5;
					};
					DCC86A462497E3AA00CBCF93 = {
						CreatedOnToolsVersion = 11.5;
						TestTargetID = DCC86A302497E3A700CBCF93;
					};
					DCC86A512497E3AB00CBCF93 = {
						CreatedOnToolsVersion = 11.5;
						TestTargetID = DCC86A302497E3A700CBCF93;
					};
				};
			};
			buildConfigurationList = DCC86A2C2497E3A700CBCF93 /* Build configuration list for PBXProject "IRWeather Forecast" */;
			compatibilityVersion = "Xcode 9.3";
			developmentRegion = en;
			hasScannedForEncodings = 0;
			knownRegions = (
				en,
				Base,
			);
			mainGroup = DCC86A282497E3A700CBCF93;
			productRefGroup = DCC86A322497E3A700CBCF93 /* Products */;
			projectDirPath = "";
			projectRoot = "";
			targets = (
				DCC86A302497E3A700CBCF93 /* IRWeather Forecast */,
				DCC86A462497E3AA00CBCF93 /* IRWeather ForecastTests */,
				DCC86A512497E3AB00CBCF93 /* IRWeather ForecastUITests */,
			);
		};
/* End PBXProject section */

/* Begin PBXResourcesBuildPhase section */
		DCC86A2F2497E3A700CBCF93 /* Resources */ = {
			isa = PBXResourcesBuildPhase;
			buildActionMask = 2147483647;
			files = (
				DCC86A412497E3AA00CBCF93 /* LaunchScreen.storyboard in Resources */,
				DCC86A8F24980D5B00CBCF93 /* city.list.json in Resources */,
				DC8CDDEB2498DE7200EEFD31 /* CurrentCityForecastTableViewCell.xib in Resources */,
				DCC86A3E2497E3AA00CBCF93 /* Assets.xcassets in Resources */,
				DC8CDDF1249906DA00EEFD31 /* CurrentCityForecastHeaderCell.xib in Resources */,
				DCC86A3C2497E3A700CBCF93 /* Main.storyboard in Resources */,
			);
			runOnlyForDeploymentPostprocessing = 0;
		};
		DCC86A452497E3AA00CBCF93 /* Resources */ = {
			isa = PBXResourcesBuildPhase;
			buildActionMask = 2147483647;
			files = (
			);
			runOnlyForDeploymentPostprocessing = 0;
		};
		DCC86A502497E3AB00CBCF93 /* Resources */ = {
			isa = PBXResourcesBuildPhase;
			buildActionMask = 2147483647;
			files = (
			);
			runOnlyForDeploymentPostprocessing = 0;
		};
/* End PBXResourcesBuildPhase section */

/* Begin PBXSourcesBuildPhase section */
		DCC86A2D2497E3A700CBCF93 /* Sources */ = {
			isa = PBXSourcesBuildPhase;
			buildActionMask = 2147483647;
			files = (
				DC8CDDEA2498DE7200EEFD31 /* CurrentCityForecastTableViewCell.swift in Sources */,
				DCC86A762497F6D700CBCF93 /* UserLocationProvider.swift in Sources */,
				DC8CDDED2498F08C00EEFD31 /* IRExtensions.swift in Sources */,
				DCC86A392497E3A700CBCF93 /* ViewController.swift in Sources */,
				DCC86A892498009F00CBCF93 /* NetworkEngine.swift in Sources */,
				DCC86A9324980F4700CBCF93 /* Utilities.swift in Sources */,
				DCC86A6E2497E99300CBCF93 /* IRBorderButton.swift in Sources */,
				DCC86A8D2498096800CBCF93 /* WeatherEndpoints.swift in Sources */,
				DCC86A7A2497F80400CBCF93 /* LocationProvider.swift in Sources */,
				DCC86A9124980DA000CBCF93 /* CityModel.swift in Sources */,
				DC8CDDE62498C41500EEFD31 /* DateUtilities.swift in Sources */,
				DCC86A852497FE1000CBCF93 /* Endpoint.swift in Sources */,
				DC8CDDE42498AE7C00EEFD31 /* ForecastViewModel.swift in Sources */,
				DC8CDDF0249906DA00EEFD31 /* CurrentCityForecastHeaderCell.swift in Sources */,
				DCC86A352497E3A700CBCF93 /* AppDelegate.swift in Sources */,
				DCC86A742497F6AF00CBCF93 /* UserLocation.swift in Sources */,
				DCC86A782497F6F100CBCF93 /* UserLocationService.swift in Sources */,
				DCC86A6C2497E71C00CBCF93 /* GradientView.swift in Sources */,
				DC8CDDD824988B1200EEFD31 /* Forecast5Response.swift in Sources */,
				DC8CDDE124989A6900EEFD31 /* ForecastService.swift in Sources */,
				DCC86A372497E3A700CBCF93 /* SceneDelegate.swift in Sources */,
				DC8CDDDC24988F6300EEFD31 /* CurrentCityForecastViewController.swift in Sources */,
				DCC86A872498007100CBCF93 /* NetworkingProtocols.swift in Sources */,
			);
			runOnlyForDeploymentPostprocessing = 0;
		};
		DCC86A432497E3AA00CBCF93 /* Sources */ = {
			isa = PBXSourcesBuildPhase;
			buildActionMask = 2147483647;
			files = (
				DCC86A7F2497FB2C00CBCF93 /* UserLocationServiceTest.swift in Sources */,
				DCC86A7D2497FAC200CBCF93 /* LocationMock.swift in Sources */,
				DCC86A4C2497E3AA00CBCF93 /* IRWeather_ForecastTests.swift in Sources */,
				DCC86A832497FB7C00CBCF93 /* LocationProviderMock.swift in Sources */,
			);
			runOnlyForDeploymentPostprocessing = 0;
		};
		DCC86A4E2497E3AB00CBCF93 /* Sources */ = {
			isa = PBXSourcesBuildPhase;
			buildActionMask = 2147483647;
			files = (
				DCC86A572497E3AB00CBCF93 /* IRWeather_ForecastUITests.swift in Sources */,
			);
			runOnlyForDeploymentPostprocessing = 0;
		};
/* End PBXSourcesBuildPhase section */

/* Begin PBXTargetDependency section */
		DCC86A492497E3AA00CBCF93 /* PBXTargetDependency */ = {
			isa = PBXTargetDependency;
			target = DCC86A302497E3A700CBCF93 /* IRWeather Forecast */;
			targetProxy = DCC86A482497E3AA00CBCF93 /* PBXContainerItemProxy */;
		};
		DCC86A542497E3AB00CBCF93 /* PBXTargetDependency */ = {
			isa = PBXTargetDependency;
			target = DCC86A302497E3A700CBCF93 /* IRWeather Forecast */;
			targetProxy = DCC86A532497E3AB00CBCF93 /* PBXContainerItemProxy */;
		};
/* End PBXTargetDependency section */

/* Begin PBXVariantGroup section */
		DCC86A3A2497E3A700CBCF93 /* Main.storyboard */ = {
			isa = PBXVariantGroup;
			children = (
				DCC86A3B2497E3A700CBCF93 /* Base */,
			);
			name = Main.storyboard;
			sourceTree = "<group>";
		};
		DCC86A3F2497E3AA00CBCF93 /* LaunchScreen.storyboard */ = {
			isa = PBXVariantGroup;
			children = (
				DCC86A402497E3AA00CBCF93 /* Base */,
			);
			name = LaunchScreen.storyboard;
			sourceTree = "<group>";
		};
/* End PBXVariantGroup section */

/* Begin XCBuildConfiguration section */
		DCC86A592497E3AB00CBCF93 /* Debug */ = {
			isa = XCBuildConfiguration;
			buildSettings = {
				ALWAYS_SEARCH_USER_PATHS = NO;
				CLANG_ANALYZER_NONNULL = YES;
				CLANG_ANALYZER_NUMBER_OBJECT_CONVERSION = YES_AGGRESSIVE;
				CLANG_CXX_LANGUAGE_STANDARD = "gnu++14";
				CLANG_CXX_LIBRARY = "libc++";
				CLANG_ENABLE_MODULES = YES;
				CLANG_ENABLE_OBJC_ARC = YES;
				CLANG_ENABLE_OBJC_WEAK = YES;
				CLANG_WARN_BLOCK_CAPTURE_AUTORELEASING = YES;
				CLANG_WARN_BOOL_CONVERSION = YES;
				CLANG_WARN_COMMA = YES;
				CLANG_WARN_CONSTANT_CONVERSION = YES;
				CLANG_WARN_DEPRECATED_OBJC_IMPLEMENTATIONS = YES;
				CLANG_WARN_DIRECT_OBJC_ISA_USAGE = YES_ERROR;
				CLANG_WARN_DOCUMENTATION_COMMENTS = YES;
				CLANG_WARN_EMPTY_BODY = YES;
				CLANG_WARN_ENUM_CONVERSION = YES;
				CLANG_WARN_INFINITE_RECURSION = YES;
				CLANG_WARN_INT_CONVERSION = YES;
				CLANG_WARN_NON_LITERAL_NULL_CONVERSION = YES;
				CLANG_WARN_OBJC_IMPLICIT_RETAIN_SELF = YES;
				CLANG_WARN_OBJC_LITERAL_CONVERSION = YES;
				CLANG_WARN_OBJC_ROOT_CLASS = YES_ERROR;
				CLANG_WARN_RANGE_LOOP_ANALYSIS = YES;
				CLANG_WARN_STRICT_PROTOTYPES = YES;
				CLANG_WARN_SUSPICIOUS_MOVE = YES;
				CLANG_WARN_UNGUARDED_AVAILABILITY = YES_AGGRESSIVE;
				CLANG_WARN_UNREACHABLE_CODE = YES;
				CLANG_WARN__DUPLICATE_METHOD_MATCH = YES;
				COPY_PHASE_STRIP = NO;
				DEBUG_INFORMATION_FORMAT = dwarf;
				ENABLE_STRICT_OBJC_MSGSEND = YES;
				ENABLE_TESTABILITY = YES;
				GCC_C_LANGUAGE_STANDARD = gnu11;
				GCC_DYNAMIC_NO_PIC = NO;
				GCC_NO_COMMON_BLOCKS = YES;
				GCC_OPTIMIZATION_LEVEL = 0;
				GCC_PREPROCESSOR_DEFINITIONS = (
					"DEBUG=1",
					"$(inherited)",
				);
				GCC_WARN_64_TO_32_BIT_CONVERSION = YES;
				GCC_WARN_ABOUT_RETURN_TYPE = YES_ERROR;
				GCC_WARN_UNDECLARED_SELECTOR = YES;
				GCC_WARN_UNINITIALIZED_AUTOS = YES_AGGRESSIVE;
				GCC_WARN_UNUSED_FUNCTION = YES;
				GCC_WARN_UNUSED_VARIABLE = YES;
				IPHONEOS_DEPLOYMENT_TARGET = 13.5;
				MTL_ENABLE_DEBUG_INFO = INCLUDE_SOURCE;
				MTL_FAST_MATH = YES;
				ONLY_ACTIVE_ARCH = YES;
				SDKROOT = iphoneos;
				SWIFT_ACTIVE_COMPILATION_CONDITIONS = DEBUG;
				SWIFT_OPTIMIZATION_LEVEL = "-Onone";
			};
			name = Debug;
		};
		DCC86A5A2497E3AB00CBCF93 /* Release */ = {
			isa = XCBuildConfiguration;
			buildSettings = {
				ALWAYS_SEARCH_USER_PATHS = NO;
				CLANG_ANALYZER_NONNULL = YES;
				CLANG_ANALYZER_NUMBER_OBJECT_CONVERSION = YES_AGGRESSIVE;
				CLANG_CXX_LANGUAGE_STANDARD = "gnu++14";
				CLANG_CXX_LIBRARY = "libc++";
				CLANG_ENABLE_MODULES = YES;
				CLANG_ENABLE_OBJC_ARC = YES;
				CLANG_ENABLE_OBJC_WEAK = YES;
				CLANG_WARN_BLOCK_CAPTURE_AUTORELEASING = YES;
				CLANG_WARN_BOOL_CONVERSION = YES;
				CLANG_WARN_COMMA = YES;
				CLANG_WARN_CONSTANT_CONVERSION = YES;
				CLANG_WARN_DEPRECATED_OBJC_IMPLEMENTATIONS = YES;
				CLANG_WARN_DIRECT_OBJC_ISA_USAGE = YES_ERROR;
				CLANG_WARN_DOCUMENTATION_COMMENTS = YES;
				CLANG_WARN_EMPTY_BODY = YES;
				CLANG_WARN_ENUM_CONVERSION = YES;
				CLANG_WARN_INFINITE_RECURSION = YES;
				CLANG_WARN_INT_CONVERSION = YES;
				CLANG_WARN_NON_LITERAL_NULL_CONVERSION = YES;
				CLANG_WARN_OBJC_IMPLICIT_RETAIN_SELF = YES;
				CLANG_WARN_OBJC_LITERAL_CONVERSION = YES;
				CLANG_WARN_OBJC_ROOT_CLASS = YES_ERROR;
				CLANG_WARN_RANGE_LOOP_ANALYSIS = YES;
				CLANG_WARN_STRICT_PROTOTYPES = YES;
				CLANG_WARN_SUSPICIOUS_MOVE = YES;
				CLANG_WARN_UNGUARDED_AVAILABILITY = YES_AGGRESSIVE;
				CLANG_WARN_UNREACHABLE_CODE = YES;
				CLANG_WARN__DUPLICATE_METHOD_MATCH = YES;
				COPY_PHASE_STRIP = NO;
				DEBUG_INFORMATION_FORMAT = "dwarf-with-dsym";
				ENABLE_NS_ASSERTIONS = NO;
				ENABLE_STRICT_OBJC_MSGSEND = YES;
				GCC_C_LANGUAGE_STANDARD = gnu11;
				GCC_NO_COMMON_BLOCKS = YES;
				GCC_WARN_64_TO_32_BIT_CONVERSION = YES;
				GCC_WARN_ABOUT_RETURN_TYPE = YES_ERROR;
				GCC_WARN_UNDECLARED_SELECTOR = YES;
				GCC_WARN_UNINITIALIZED_AUTOS = YES_AGGRESSIVE;
				GCC_WARN_UNUSED_FUNCTION = YES;
				GCC_WARN_UNUSED_VARIABLE = YES;
				IPHONEOS_DEPLOYMENT_TARGET = 13.5;
				MTL_ENABLE_DEBUG_INFO = NO;
				MTL_FAST_MATH = YES;
				SDKROOT = iphoneos;
				SWIFT_COMPILATION_MODE = wholemodule;
				SWIFT_OPTIMIZATION_LEVEL = "-O";
				VALIDATE_PRODUCT = YES;
			};
			name = Release;
		};
		DCC86A5C2497E3AB00CBCF93 /* Debug */ = {
			isa = XCBuildConfiguration;
			buildSettings = {
				ASSETCATALOG_COMPILER_APPICON_NAME = AppIcon;
				CODE_SIGN_STYLE = Automatic;
				INFOPLIST_FILE = "IRWeather Forecast/Info.plist";
				LD_RUNPATH_SEARCH_PATHS = (
					"$(inherited)",
					"@executable_path/Frameworks",
				);
				PRODUCT_BUNDLE_IDENTIFIER = "com.ir.IRWeather-Forecast";
				PRODUCT_NAME = "$(TARGET_NAME)";
				SWIFT_VERSION = 5.0;
				TARGETED_DEVICE_FAMILY = "1,2";
			};
			name = Debug;
		};
		DCC86A5D2497E3AB00CBCF93 /* Release */ = {
			isa = XCBuildConfiguration;
			buildSettings = {
				ASSETCATALOG_COMPILER_APPICON_NAME = AppIcon;
				CODE_SIGN_STYLE = Automatic;
				INFOPLIST_FILE = "IRWeather Forecast/Info.plist";
				LD_RUNPATH_SEARCH_PATHS = (
					"$(inherited)",
					"@executable_path/Frameworks",
				);
				PRODUCT_BUNDLE_IDENTIFIER = "com.ir.IRWeather-Forecast";
				PRODUCT_NAME = "$(TARGET_NAME)";
				SWIFT_VERSION = 5.0;
				TARGETED_DEVICE_FAMILY = "1,2";
			};
			name = Release;
		};
		DCC86A5F2497E3AB00CBCF93 /* Debug */ = {
			isa = XCBuildConfiguration;
			buildSettings = {
				ALWAYS_EMBED_SWIFT_STANDARD_LIBRARIES = YES;
				BUNDLE_LOADER = "$(TEST_HOST)";
				CODE_SIGN_STYLE = Automatic;
				INFOPLIST_FILE = "IRWeather ForecastTests/Info.plist";
				IPHONEOS_DEPLOYMENT_TARGET = 13.5;
				LD_RUNPATH_SEARCH_PATHS = (
					"$(inherited)",
					"@executable_path/Frameworks",
					"@loader_path/Frameworks",
				);
				PRODUCT_BUNDLE_IDENTIFIER = "com.ir.IRWeather-ForecastTests";
				PRODUCT_NAME = "$(TARGET_NAME)";
				SWIFT_VERSION = 5.0;
				TARGETED_DEVICE_FAMILY = "1,2";
				TEST_HOST = "$(BUILT_PRODUCTS_DIR)/IRWeather Forecast.app/IRWeather Forecast";
			};
			name = Debug;
		};
		DCC86A602497E3AB00CBCF93 /* Release */ = {
			isa = XCBuildConfiguration;
			buildSettings = {
				ALWAYS_EMBED_SWIFT_STANDARD_LIBRARIES = YES;
				BUNDLE_LOADER = "$(TEST_HOST)";
				CODE_SIGN_STYLE = Automatic;
				INFOPLIST_FILE = "IRWeather ForecastTests/Info.plist";
				IPHONEOS_DEPLOYMENT_TARGET = 13.5;
				LD_RUNPATH_SEARCH_PATHS = (
					"$(inherited)",
					"@executable_path/Frameworks",
					"@loader_path/Frameworks",
				);
				PRODUCT_BUNDLE_IDENTIFIER = "com.ir.IRWeather-ForecastTests";
				PRODUCT_NAME = "$(TARGET_NAME)";
				SWIFT_VERSION = 5.0;
				TARGETED_DEVICE_FAMILY = "1,2";
				TEST_HOST = "$(BUILT_PRODUCTS_DIR)/IRWeather Forecast.app/IRWeather Forecast";
			};
			name = Release;
		};
		DCC86A622497E3AB00CBCF93 /* Debug */ = {
			isa = XCBuildConfiguration;
			buildSettings = {
				ALWAYS_EMBED_SWIFT_STANDARD_LIBRARIES = YES;
				CODE_SIGN_STYLE = Automatic;
				INFOPLIST_FILE = "IRWeather ForecastUITests/Info.plist";
				LD_RUNPATH_SEARCH_PATHS = (
					"$(inherited)",
					"@executable_path/Frameworks",
					"@loader_path/Frameworks",
				);
				PRODUCT_BUNDLE_IDENTIFIER = "com.ir.IRWeather-ForecastUITests";
				PRODUCT_NAME = "$(TARGET_NAME)";
				SWIFT_VERSION = 5.0;
				TARGETED_DEVICE_FAMILY = "1,2";
				TEST_TARGET_NAME = "IRWeather Forecast";
			};
			name = Debug;
		};
		DCC86A632497E3AB00CBCF93 /* Release */ = {
			isa = XCBuildConfiguration;
			buildSettings = {
				ALWAYS_EMBED_SWIFT_STANDARD_LIBRARIES = YES;
				CODE_SIGN_STYLE = Automatic;
				INFOPLIST_FILE = "IRWeather ForecastUITests/Info.plist";
				LD_RUNPATH_SEARCH_PATHS = (
					"$(inherited)",
					"@executable_path/Frameworks",
					"@loader_path/Frameworks",
				);
				PRODUCT_BUNDLE_IDENTIFIER = "com.ir.IRWeather-ForecastUITests";
				PRODUCT_NAME = "$(TARGET_NAME)";
				SWIFT_VERSION = 5.0;
				TARGETED_DEVICE_FAMILY = "1,2";
				TEST_TARGET_NAME = "IRWeather Forecast";
			};
			name = Release;
		};
/* End XCBuildConfiguration section */

/* Begin XCConfigurationList section */
		DCC86A2C2497E3A700CBCF93 /* Build configuration list for PBXProject "IRWeather Forecast" */ = {
			isa = XCConfigurationList;
			buildConfigurations = (
				DCC86A592497E3AB00CBCF93 /* Debug */,
				DCC86A5A2497E3AB00CBCF93 /* Release */,
			);
			defaultConfigurationIsVisible = 0;
			defaultConfigurationName = Release;
		};
		DCC86A5B2497E3AB00CBCF93 /* Build configuration list for PBXNativeTarget "IRWeather Forecast" */ = {
			isa = XCConfigurationList;
			buildConfigurations = (
				DCC86A5C2497E3AB00CBCF93 /* Debug */,
				DCC86A5D2497E3AB00CBCF93 /* Release */,
			);
			defaultConfigurationIsVisible = 0;
			defaultConfigurationName = Release;
		};
		DCC86A5E2497E3AB00CBCF93 /* Build configuration list for PBXNativeTarget "IRWeather ForecastTests" */ = {
			isa = XCConfigurationList;
			buildConfigurations = (
				DCC86A5F2497E3AB00CBCF93 /* Debug */,
				DCC86A602497E3AB00CBCF93 /* Release */,
			);
			defaultConfigurationIsVisible = 0;
			defaultConfigurationName = Release;
		};
		DCC86A612497E3AB00CBCF93 /* Build configuration list for PBXNativeTarget "IRWeather ForecastUITests" */ = {
			isa = XCConfigurationList;
			buildConfigurations = (
				DCC86A622497E3AB00CBCF93 /* Debug */,
				DCC86A632497E3AB00CBCF93 /* Release */,
			);
			defaultConfigurationIsVisible = 0;
			defaultConfigurationName = Release;
		};
/* End XCConfigurationList section */
	};
	rootObject = DCC86A292497E3A700CBCF93 /* Project object */;
}
